
Microsoft Visual Studio Solution File, Format Version 12.00
# Visual Studio Version 17
VisualStudioVersion = 17.9.34622.214
MinimumVisualStudioVersion = 10.0.40219.1
Project("{FAE04EC0-301F-11D3-BF4B-00C04F79EFBC}") = "Endless_Runner", "Endless_Runner\Endless_Runner.csproj", "{E892BA0E-0146-4CEC-9E98-12A496944702}"
EndProject
Global
	GlobalSection(SolutionConfigurationPlatforms) = preSolution
		Debug|Any CPU = Debug|Any CPU
		Release|Any CPU = Release|Any CPU
	EndGlobalSection
	GlobalSection(ProjectConfigurationPlatforms) = postSolution
		{E892BA0E-0146-4CEC-9E98-12A496944702}.Debug|Any CPU.ActiveCfg = Debug|Any CPU
		{E892BA0E-0146-4CEC-9E98-12A496944702}.Debug|Any CPU.Build.0 = Debug|Any CPU
		{E892BA0E-0146-4CEC-9E98-12A496944702}.Release|Any CPU.ActiveCfg = Release|Any CPU
		{E892BA0E-0146-4CEC-9E98-12A496944702}.Release|Any CPU.Build.0 = Release|Any CPU
	EndGlobalSection
	GlobalSection(SolutionProperties) = preSolution
		HideSolutionNode = FALSE
	EndGlobalSection
	GlobalSection(ExtensibilityGlobals) = postSolution
		SolutionGuid = {336D1A66-DC4C-4848-8E47-C8E97501BEAC}
	EndGlobalSection
EndGlobal
